
Microsoft Visual Studio Solution File, Format Version 12.00
# Visual Studio 14
VisualStudioVersion = 14.0.25420.1
MinimumVisualStudioVersion = 10.0.40219.1
Project("{FAE04EC0-301F-11D3-BF4B-00C04F79EFBC}") = "Cox.Provisioning.Framework", "Cox.Provisioning.Framework\Cox.Provisioning.Framework.csproj", "{BC2381A8-B9A7-421E-A183-685A9E214BFF}"
EndProject
Project("{2150E333-8FDC-42A3-9474-1A3956D46DE8}") = "Solution Items", "Solution Items", "{07D40CAA-1FF7-4B30-B36F-70F15812A9D7}"
	ProjectSection(SolutionItems) = preProject
		Readme.txt = Readme.txt
		TextFile1.txt = TextFile1.txt
	EndProjectSection
EndProject
Project("{FAE04EC0-301F-11D3-BF4B-00C04F79EFBC}") = "Cox.Provisioning.Async", "Cox.Provisioning.Async\Cox.Provisioning.Async.csproj", "{2651F5B0-B0EF-4A26-BCBF-D7C593AEC879}"
EndProject
Project("{FAE04EC0-301F-11D3-BF4B-00C04F79EFBC}") = "Cox.Provisioning.AsyncWeb", "Cox.Provisioning.AsyncWeb\Cox.Provisioning.AsyncWeb.csproj", "{0DCE762E-0F33-4B46-B57C-4C75FD4A5737}"
EndProject
Global
	GlobalSection(SolutionConfigurationPlatforms) = preSolution
		Debug|Any CPU = Debug|Any CPU
		Debug15|Any CPU = Debug15|Any CPU
		Debug16|Any CPU = Debug16|Any CPU
		Release|Any CPU = Release|Any CPU
		Release15|Any CPU = Release15|Any CPU
		Release16|Any CPU = Release16|Any CPU
	EndGlobalSection
	GlobalSection(ProjectConfigurationPlatforms) = postSolution
		{BC2381A8-B9A7-421E-A183-685A9E214BFF}.Debug|Any CPU.ActiveCfg = Debug|Any CPU
		{BC2381A8-B9A7-421E-A183-685A9E214BFF}.Debug|Any CPU.Build.0 = Debug|Any CPU
		{BC2381A8-B9A7-421E-A183-685A9E214BFF}.Debug15|Any CPU.ActiveCfg = Debug|Any CPU
		{BC2381A8-B9A7-421E-A183-685A9E214BFF}.Debug15|Any CPU.Build.0 = Debug|Any CPU
		{BC2381A8-B9A7-421E-A183-685A9E214BFF}.Debug16|Any CPU.ActiveCfg = Debug|Any CPU
		{BC2381A8-B9A7-421E-A183-685A9E214BFF}.Debug16|Any CPU.Build.0 = Debug|Any CPU
		{BC2381A8-B9A7-421E-A183-685A9E214BFF}.Release|Any CPU.ActiveCfg = Release|Any CPU
		{BC2381A8-B9A7-421E-A183-685A9E214BFF}.Release|Any CPU.Build.0 = Release|Any CPU
		{BC2381A8-B9A7-421E-A183-685A9E214BFF}.Release15|Any CPU.ActiveCfg = Release|Any CPU
		{BC2381A8-B9A7-421E-A183-685A9E214BFF}.Release15|Any CPU.Build.0 = Release|Any CPU
		{BC2381A8-B9A7-421E-A183-685A9E214BFF}.Release16|Any CPU.ActiveCfg = Release|Any CPU
		{BC2381A8-B9A7-421E-A183-685A9E214BFF}.Release16|Any CPU.Build.0 = Release|Any CPU
		{2651F5B0-B0EF-4A26-BCBF-D7C593AEC879}.Debug|Any CPU.ActiveCfg = Debug|Any CPU
		{2651F5B0-B0EF-4A26-BCBF-D7C593AEC879}.Debug|Any CPU.Build.0 = Debug|Any CPU
		{2651F5B0-B0EF-4A26-BCBF-D7C593AEC879}.Debug|Any CPU.Deploy.0 = Debug|Any CPU
		{2651F5B0-B0EF-4A26-BCBF-D7C593AEC879}.Debug15|Any CPU.ActiveCfg = Debug|Any CPU
		{2651F5B0-B0EF-4A26-BCBF-D7C593AEC879}.Debug15|Any CPU.Build.0 = Debug|Any CPU
		{2651F5B0-B0EF-4A26-BCBF-D7C593AEC879}.Debug15|Any CPU.Deploy.0 = Debug|Any CPU
		{2651F5B0-B0EF-4A26-BCBF-D7C593AEC879}.Debug16|Any CPU.ActiveCfg = Debug|Any CPU
		{2651F5B0-B0EF-4A26-BCBF-D7C593AEC879}.Debug16|Any CPU.Build.0 = Debug|Any CPU
		{2651F5B0-B0EF-4A26-BCBF-D7C593AEC879}.Debug16|Any CPU.Deploy.0 = Debug|Any CPU
		{2651F5B0-B0EF-4A26-BCBF-D7C593AEC879}.Release|Any CPU.ActiveCfg = Release|Any CPU
		{2651F5B0-B0EF-4A26-BCBF-D7C593AEC879}.Release|Any CPU.Build.0 = Release|Any CPU
		{2651F5B0-B0EF-4A26-BCBF-D7C593AEC879}.Release|Any CPU.Deploy.0 = Release|Any CPU
		{2651F5B0-B0EF-4A26-BCBF-D7C593AEC879}.Release15|Any CPU.ActiveCfg = Release|Any CPU
		{2651F5B0-B0EF-4A26-BCBF-D7C593AEC879}.Release15|Any CPU.Build.0 = Release|Any CPU
		{2651F5B0-B0EF-4A26-BCBF-D7C593AEC879}.Release15|Any CPU.Deploy.0 = Release|Any CPU
		{2651F5B0-B0EF-4A26-BCBF-D7C593AEC879}.Release16|Any CPU.ActiveCfg = Release|Any CPU
		{2651F5B0-B0EF-4A26-BCBF-D7C593AEC879}.Release16|Any CPU.Build.0 = Release|Any CPU
		{2651F5B0-B0EF-4A26-BCBF-D7C593AEC879}.Release16|Any CPU.Deploy.0 = Release|Any CPU
		{0DCE762E-0F33-4B46-B57C-4C75FD4A5737}.Debug|Any CPU.ActiveCfg = Debug|Any CPU
		{0DCE762E-0F33-4B46-B57C-4C75FD4A5737}.Debug|Any CPU.Build.0 = Debug|Any CPU
		{0DCE762E-0F33-4B46-B57C-4C75FD4A5737}.Debug15|Any CPU.ActiveCfg = Debug|Any CPU
		{0DCE762E-0F33-4B46-B57C-4C75FD4A5737}.Debug15|Any CPU.Build.0 = Debug|Any CPU
		{0DCE762E-0F33-4B46-B57C-4C75FD4A5737}.Debug16|Any CPU.ActiveCfg = Debug|Any CPU
		{0DCE762E-0F33-4B46-B57C-4C75FD4A5737}.Debug16|Any CPU.Build.0 = Debug|Any CPU
		{0DCE762E-0F33-4B46-B57C-4C75FD4A5737}.Release|Any CPU.ActiveCfg = Release|Any CPU
		{0DCE762E-0F33-4B46-B57C-4C75FD4A5737}.Release|Any CPU.Build.0 = Release|Any CPU
		{0DCE762E-0F33-4B46-B57C-4C75FD4A5737}.Release15|Any CPU.ActiveCfg = Release|Any CPU
		{0DCE762E-0F33-4B46-B57C-4C75FD4A5737}.Release15|Any CPU.Build.0 = Release|Any CPU
		{0DCE762E-0F33-4B46-B57C-4C75FD4A5737}.Release16|Any CPU.ActiveCfg = Release|Any CPU
		{0DCE762E-0F33-4B46-B57C-4C75FD4A5737}.Release16|Any CPU.Build.0 = Release|Any CPU
	EndGlobalSection
	GlobalSection(SolutionProperties) = preSolution
		HideSolutionNode = FALSE
	EndGlobalSection
	GlobalSection(TeamFoundationVersionControl) = preSolution
		SccNumberOfProjects = 4
		SccEnterpriseProvider = {4CA58AB2-18FA-4F8D-95D4-32DDF27D184C}
		SccTeamFoundationServer = https://capcoxdev.visualstudio.com/
		SccLocalPath0 = .
		SccProjectUniqueName1 = Cox.Provisioning.Framework\\Cox.Provisioning.Framework.csproj
		SccProjectName1 = Cox.Provisioning.Framework
		SccLocalPath1 = Cox.Provisioning.Framework
		SccProjectUniqueName2 = Cox.Provisioning.Async\\Cox.Provisioning.Async.csproj
		SccProjectName2 = Cox.Provisioning.Async
		SccLocalPath2 = Cox.Provisioning.Async
		SccProjectUniqueName3 = Cox.Provisioning.AsyncWeb\\Cox.Provisioning.AsyncWeb.csproj
		SccProjectName3 = Cox.Provisioning.AsyncWeb
		SccLocalPath3 = Cox.Provisioning.AsyncWeb
	EndGlobalSection
EndGlobal
